
Microsoft Visual Studio Solution File, Format Version 12.00
# Visual Studio Version 17
VisualStudioVersion = 17.12.35514.174 d17.12
MinimumVisualStudioVersion = 10.0.40219.1
Project("{FAE04EC0-301F-11D3-BF4B-00C04F79EFBC}") = "BowlingGameKata", "BowlingGameKata\BowlingGameKata.csproj", "{155FA4F4-B913-4395-ABF7-0162FD1F993A}"
EndProject
Project("{FAE04EC0-301F-11D3-BF4B-00C04F79EFBC}") = "BowlingGameKataTests", "BowlingGameKataTests\BowlingGameKataTests.csproj", "{EB7C1034-D50D-44D6-8D3F-559EDC18BFD0}"
EndProject
Global
	GlobalSection(SolutionConfigurationPlatforms) = preSolution
		Debug|Any CPU = Debug|Any CPU
		Release|Any CPU = Release|Any CPU
	EndGlobalSection
	GlobalSection(ProjectConfigurationPlatforms) = postSolution
		{155FA4F4-B913-4395-ABF7-0162FD1F993A}.Debug|Any CPU.ActiveCfg = Debug|Any CPU
		{155FA4F4-B913-4395-ABF7-0162FD1F993A}.Debug|Any CPU.Build.0 = Debug|Any CPU
		{155FA4F4-B913-4395-ABF7-0162FD1F993A}.Release|Any CPU.ActiveCfg = Release|Any CPU
		{155FA4F4-B913-4395-ABF7-0162FD1F993A}.Release|Any CPU.Build.0 = Release|Any CPU
		{EB7C1034-D50D-44D6-8D3F-559EDC18BFD0}.Debug|Any CPU.ActiveCfg = Debug|Any CPU
		{EB7C1034-D50D-44D6-8D3F-559EDC18BFD0}.Debug|Any CPU.Build.0 = Debug|Any CPU
		{EB7C1034-D50D-44D6-8D3F-559EDC18BFD0}.Release|Any CPU.ActiveCfg = Release|Any CPU
		{EB7C1034-D50D-44D6-8D3F-559EDC18BFD0}.Release|Any CPU.Build.0 = Release|Any CPU
	EndGlobalSection
	GlobalSection(SolutionProperties) = preSolution
		HideSolutionNode = FALSE
	EndGlobalSection
EndGlobal
